// !$*UTF8*$!
{
	archiveVersion = 1;
	classes = {
	};
	objectVersion = 46;
	objects = {

/* Begin PBXBuildFile section */
		97A5CB6A1AD40C2A00A02803 /* gameHumanPcController.m in Sources */ = {isa = PBXBuildFile; fileRef = 97A5CB691AD40C2A00A02803 /* gameHumanPcController.m */; };
		97B487001ADE8C3A005CE012 /* gameEngine.m in Sources */ = {isa = PBXBuildFile; fileRef = 97B486FF1ADE8C3A005CE012 /* gameEngine.m */; };
		97C06E5D1AD3E9C8005C00AC /* home-btn1vs1.png in Resources */ = {isa = PBXBuildFile; fileRef = 97C06E5C1AD3E9C8005C00AC /* home-btn1vs1.png */; };
		97C06E5F1AD3EA49005C00AC /* btn1vsPC.png in Resources */ = {isa = PBXBuildFile; fileRef = 97C06E5E1AD3EA49005C00AC /* btn1vsPC.png */; };
		97C5AA4F1AB8485000123F90 /* main.m in Sources */ = {isa = PBXBuildFile; fileRef = 97C5AA4E1AB8485000123F90 /* main.m */; };
		97C5AA521AB8485000123F90 /* AppDelegate.m in Sources */ = {isa = PBXBuildFile; fileRef = 97C5AA511AB8485000123F90 /* AppDelegate.m */; };
		97C5AA551AB8485000123F90 /* ViewController.m in Sources */ = {isa = PBXBuildFile; fileRef = 97C5AA541AB8485000123F90 /* ViewController.m */; };
		97C5AA581AB8485000123F90 /* Main.storyboard in Resources */ = {isa = PBXBuildFile; fileRef = 97C5AA561AB8485000123F90 /* Main.storyboard */; };
		97C5AA5A1AB8485000123F90 /* Images.xcassets in Resources */ = {isa = PBXBuildFile; fileRef = 97C5AA591AB8485000123F90 /* Images.xcassets */; };
		97C5AA5D1AB8485000123F90 /* LaunchScreen.xib in Resources */ = {isa = PBXBuildFile; fileRef = 97C5AA5B1AB8485000123F90 /* LaunchScreen.xib */; };
		97C5AA691AB8485000123F90 /* TicTacToeTests.m in Sources */ = {isa = PBXBuildFile; fileRef = 97C5AA681AB8485000123F90 /* TicTacToeTests.m */; };
		97C5AA731AB84AEC00123F90 /* confirmBtn.png in Resources */ = {isa = PBXBuildFile; fileRef = 97C5AA721AB84AEC00123F90 /* confirmBtn.png */; };
		97C5AA751AB84D0200123F90 /* o.png in Resources */ = {isa = PBXBuildFile; fileRef = 97C5AA741AB84D0200123F90 /* o.png */; };
		97DF86151AB84EE500DD2930 /* griglia.png in Resources */ = {isa = PBXBuildFile; fileRef = 97DF86141AB84EE500DD2930 /* griglia.png */; };
		97DF86171AB8528900DD2930 /* x.png in Resources */ = {isa = PBXBuildFile; fileRef = 97DF86161AB8528900DD2930 /* x.png */; };
/* End PBXBuildFile section */

/* Begin PBXContainerItemProxy section */
		97C5AA631AB8485000123F90 /* PBXContainerItemProxy */ = {
			isa = PBXContainerItemProxy;
			containerPortal = 97C5AA411AB8485000123F90 /* Project object */;
			proxyType = 1;
			remoteGlobalIDString = 97C5AA481AB8485000123F90;
			remoteInfo = TicTacToe;
		};
/* End PBXContainerItemProxy section */

/* Begin PBXFileReference section */
		97A5CB681AD40C2A00A02803 /* gameHumanPcController.h */ = {isa = PBXFileReference; fileEncoding = 4; lastKnownFileType = sourcecode.c.h; path = gameHumanPcController.h; sourceTree = "<group>"; };
		97A5CB691AD40C2A00A02803 /* gameHumanPcController.m */ = {isa = PBXFileReference; fileEncoding = 4; lastKnownFileType = sourcecode.c.objc; path = gameHumanPcController.m; sourceTree = "<group>"; };
		97B486FF1ADE8C3A005CE012 /* gameEngine.m */ = {isa = PBXFileReference; fileEncoding = 4; lastKnownFileType = sourcecode.c.objc; path = gameEngine.m; sourceTree = "<group>"; };
		97B487011ADE8C61005CE012 /* gameEngine.h */ = {isa = PBXFileReference; lastKnownFileType = sourcecode.c.h; path = gameEngine.h; sourceTree = "<group>"; };
		97B487021ADE91BB005CE012 /* configGame.h */ = {isa = PBXFileReference; lastKnownFileType = sourcecode.c.h; path = configGame.h; sourceTree = "<group>"; };
		97C06E5C1AD3E9C8005C00AC /* home-btn1vs1.png */ = {isa = PBXFileReference; lastKnownFileType = image.png; name = "home-btn1vs1.png"; path = "../../Pictures/home-btn1vs1.png"; sourceTree = "<group>"; };
		97C06E5E1AD3EA49005C00AC /* btn1vsPC.png */ = {isa = PBXFileReference; lastKnownFileType = image.png; name = btn1vsPC.png; path = ../../Pictures/btn1vsPC.png; sourceTree = "<group>"; };
		97C5AA491AB8485000123F90 /* TicTacToe.app */ = {isa = PBXFileReference; explicitFileType = wrapper.application; includeInIndex = 0; path = TicTacToe.app; sourceTree = BUILT_PRODUCTS_DIR; };
		97C5AA4D1AB8485000123F90 /* Info.plist */ = {isa = PBXFileReference; lastKnownFileType = text.plist.xml; path = Info.plist; sourceTree = "<group>"; };
		97C5AA4E1AB8485000123F90 /* main.m */ = {isa = PBXFileReference; lastKnownFileType = sourcecode.c.objc; path = main.m; sourceTree = "<group>"; };
		97C5AA501AB8485000123F90 /* AppDelegate.h */ = {isa = PBXFileReference; lastKnownFileType = sourcecode.c.h; path = AppDelegate.h; sourceTree = "<group>"; };
		97C5AA511AB8485000123F90 /* AppDelegate.m */ = {isa = PBXFileReference; lastKnownFileType = sourcecode.c.objc; path = AppDelegate.m; sourceTree = "<group>"; };
		97C5AA531AB8485000123F90 /* ViewController.h */ = {isa = PBXFileReference; lastKnownFileType = sourcecode.c.h; path = ViewController.h; sourceTree = "<group>"; };
		97C5AA541AB8485000123F90 /* ViewController.m */ = {isa = PBXFileReference; lastKnownFileType = sourcecode.c.objc; path = ViewController.m; sourceTree = "<group>"; };
		97C5AA571AB8485000123F90 /* Base */ = {isa = PBXFileReference; lastKnownFileType = file.storyboard; name = Base; path = Base.lproj/Main.storyboard; sourceTree = "<group>"; };
		97C5AA591AB8485000123F90 /* Images.xcassets */ = {isa = PBXFileReference; lastKnownFileType = folder.assetcatalog; path = Images.xcassets; sourceTree = "<group>"; };
		97C5AA5C1AB8485000123F90 /* Base */ = {isa = PBXFileReference; lastKnownFileType = file.xib; name = Base; path = Base.lproj/LaunchScreen.xib; sourceTree = "<group>"; };
		97C5AA621AB8485000123F90 /* TicTacToeTests.xctest */ = {isa = PBXFileReference; explicitFileType = wrapper.cfbundle; includeInIndex = 0; path = TicTacToeTests.xctest; sourceTree = BUILT_PRODUCTS_DIR; };
		97C5AA671AB8485000123F90 /* Info.plist */ = {isa = PBXFileReference; lastKnownFileType = text.plist.xml; path = Info.plist; sourceTree = "<group>"; };
		97C5AA681AB8485000123F90 /* TicTacToeTests.m */ = {isa = PBXFileReference; lastKnownFileType = sourcecode.c.objc; path = TicTacToeTests.m; sourceTree = "<group>"; };
		97C5AA721AB84AEC00123F90 /* confirmBtn.png */ = {isa = PBXFileReference; lastKnownFileType = image.png; name = confirmBtn.png; path = ../../Pictures/confirmBtn.png; sourceTree = "<group>"; };
		97C5AA741AB84D0200123F90 /* o.png */ = {isa = PBXFileReference; lastKnownFileType = image.png; name = o.png; path = ../../Pictures/o.png; sourceTree = "<group>"; };
		97DF86141AB84EE500DD2930 /* griglia.png */ = {isa = PBXFileReference; lastKnownFileType = image.png; name = griglia.png; path = ../../Pictures/griglia.png; sourceTree = "<group>"; };
		97DF86161AB8528900DD2930 /* x.png */ = {isa = PBXFileReference; lastKnownFileType = image.png; name = x.png; path = ../../Pictures/x.png; sourceTree = "<group>"; };
/* End PBXFileReference section */

/* Begin PBXFrameworksBuildPhase section */
		97C5AA461AB8485000123F90 /* Frameworks */ = {
			isa = PBXFrameworksBuildPhase;
			buildActionMask = 2147483647;
			files = (
			);
			runOnlyForDeploymentPostprocessing = 0;
		};
		97C5AA5F1AB8485000123F90 /* Frameworks */ = {
			isa = PBXFrameworksBuildPhase;
			buildActionMask = 2147483647;
			files = (
			);
			runOnlyForDeploymentPostprocessing = 0;
		};
/* End PBXFrameworksBuildPhase section */

/* Begin PBXGroup section */
		97B486FE1ADE8C1A005CE012 /* GameController */ = {
			isa = PBXGroup;
			children = (
				97B486FF1ADE8C3A005CE012 /* gameEngine.m */,
				97B487011ADE8C61005CE012 /* gameEngine.h */,
			);
			name = GameController;
			sourceTree = "<group>";
		};
		97C5AA401AB8485000123F90 = {
			isa = PBXGroup;
			children = (
				97C5AA4B1AB8485000123F90 /* TicTacToe */,
				97C5AA651AB8485000123F90 /* TicTacToeTests */,
				97C5AA4A1AB8485000123F90 /* Products */,
				97C5AA721AB84AEC00123F90 /* confirmBtn.png */,
				97C5AA741AB84D0200123F90 /* o.png */,
				97DF86141AB84EE500DD2930 /* griglia.png */,
				97DF86161AB8528900DD2930 /* x.png */,
				97C06E5C1AD3E9C8005C00AC /* home-btn1vs1.png */,
				97C06E5E1AD3EA49005C00AC /* btn1vsPC.png */,
			);
			sourceTree = "<group>";
		};
		97C5AA4A1AB8485000123F90 /* Products */ = {
			isa = PBXGroup;
			children = (
				97C5AA491AB8485000123F90 /* TicTacToe.app */,
				97C5AA621AB8485000123F90 /* TicTacToeTests.xctest */,
			);
			name = Products;
			sourceTree = "<group>";
		};
		97C5AA4B1AB8485000123F90 /* TicTacToe */ = {
			isa = PBXGroup;
			children = (
				97B486FE1ADE8C1A005CE012 /* GameController */,
				97C5AA501AB8485000123F90 /* AppDelegate.h */,
				97C5AA511AB8485000123F90 /* AppDelegate.m */,
				97C5AA531AB8485000123F90 /* ViewController.h */,
				97C5AA541AB8485000123F90 /* ViewController.m */,
				97C5AA561AB8485000123F90 /* Main.storyboard */,
				97C5AA591AB8485000123F90 /* Images.xcassets */,
				97C5AA5B1AB8485000123F90 /* LaunchScreen.xib */,
				97C5AA4C1AB8485000123F90 /* Supporting Files */,
				97A5CB681AD40C2A00A02803 /* gameHumanPcController.h */,
				97A5CB691AD40C2A00A02803 /* gameHumanPcController.m */,
				97B487021ADE91BB005CE012 /* configGame.h */,
			);
			path = TicTacToe;
			sourceTree = "<group>";
		};
		97C5AA4C1AB8485000123F90 /* Supporting Files */ = {
			isa = PBXGroup;
			children = (
				97C5AA4D1AB8485000123F90 /* Info.plist */,
				97C5AA4E1AB8485000123F90 /* main.m */,
			);
			name = "Supporting Files";
			sourceTree = "<group>";
		};
		97C5AA651AB8485000123F90 /* TicTacToeTests */ = {
			isa = PBXGroup;
			children = (
				97C5AA681AB8485000123F90 /* TicTacToeTests.m */,
				97C5AA661AB8485000123F90 /* Supporting Files */,
			);
			path = TicTacToeTests;
			sourceTree = "<group>";
		};
		97C5AA661AB8485000123F90 /* Supporting Files */ = {
			isa = PBXGroup;
			children = (
				97C5AA671AB8485000123F90 /* Info.plist */,
			);
			name = "Supporting Files";
			sourceTree = "<group>";
		};
/* End PBXGroup section */

/* Begin PBXNativeTarget section */
		97C5AA481AB8485000123F90 /* TicTacToe */ = {
			isa = PBXNativeTarget;
			buildConfigurationList = 97C5AA6C1AB8485000123F90 /* Build configuration list for PBXNativeTarget "TicTacToe" */;
			buildPhases = (
				97C5AA451AB8485000123F90 /* Sources */,
				97C5AA461AB8485000123F90 /* Frameworks */,
				97C5AA471AB8485000123F90 /* Resources */,
			);
			buildRules = (
			);
			dependencies = (
			);
			name = TicTacToe;
			productName = TicTacToe;
			productReference = 97C5AA491AB8485000123F90 /* TicTacToe.app */;
			productType = "com.apple.product-type.application";
		};
		97C5AA611AB8485000123F90 /* TicTacToeTests */ = {
			isa = PBXNativeTarget;
			buildConfigurationList = 97C5AA6F1AB8485000123F90 /* Build configuration list for PBXNativeTarget "TicTacToeTests" */;
			buildPhases = (
				97C5AA5E1AB8485000123F90 /* Sources */,
				97C5AA5F1AB8485000123F90 /* Frameworks */,
				97C5AA601AB8485000123F90 /* Resources */,
			);
			buildRules = (
			);
			dependencies = (
				97C5AA641AB8485000123F90 /* PBXTargetDependency */,
			);
			name = TicTacToeTests;
			productName = TicTacToeTests;
			productReference = 97C5AA621AB8485000123F90 /* TicTacToeTests.xctest */;
			productType = "com.apple.product-type.bundle.unit-test";
		};
/* End PBXNativeTarget section */

/* Begin PBXProject section */
		97C5AA411AB8485000123F90 /* Project object */ = {
			isa = PBXProject;
			attributes = {
				LastUpgradeCheck = 0610;
				ORGANIZATIONNAME = "Angelo C";
				TargetAttributes = {
					97C5AA481AB8485000123F90 = {
						CreatedOnToolsVersion = 6.1;
					};
					97C5AA611AB8485000123F90 = {
						CreatedOnToolsVersion = 6.1;
						TestTargetID = 97C5AA481AB8485000123F90;
					};
				};
			};
			buildConfigurationList = 97C5AA441AB8485000123F90 /* Build configuration list for PBXProject "TicTacToe" */;
			compatibilityVersion = "Xcode 3.2";
			developmentRegion = English;
			hasScannedForEncodings = 0;
			knownRegions = (
				en,
				Base,
			);
			mainGroup = 97C5AA401AB8485000123F90;
			productRefGroup = 97C5AA4A1AB8485000123F90 /* Products */;
			projectDirPath = "";
			projectRoot = "";
			targets = (
				97C5AA481AB8485000123F90 /* TicTacToe */,
				97C5AA611AB8485000123F90 /* TicTacToeTests */,
			);
		};
/* End PBXProject section */

/* Begin PBXResourcesBuildPhase section */
		97C5AA471AB8485000123F90 /* Resources */ = {
			isa = PBXResourcesBuildPhase;
			buildActionMask = 2147483647;
			files = (
				97C06E5D1AD3E9C8005C00AC /* home-btn1vs1.png in Resources */,
				97C5AA751AB84D0200123F90 /* o.png in Resources */,
				97DF86151AB84EE500DD2930 /* griglia.png in Resources */,
				97DF86171AB8528900DD2930 /* x.png in Resources */,
				97C5AA581AB8485000123F90 /* Main.storyboard in Resources */,
				97C5AA5D1AB8485000123F90 /* LaunchScreen.xib in Resources */,
				97C5AA5A1AB8485000123F90 /* Images.xcassets in Resources */,
				97C06E5F1AD3EA49005C00AC /* btn1vsPC.png in Resources */,
				97C5AA731AB84AEC00123F90 /* confirmBtn.png in Resources */,
			);
			runOnlyForDeploymentPostprocessing = 0;
		};
		97C5AA601AB8485000123F90 /* Resources */ = {
			isa = PBXResourcesBuildPhase;
			buildActionMask = 2147483647;
			files = (
			);
			runOnlyForDeploymentPostprocessing = 0;
		};
/* End PBXResourcesBuildPhase section */

/* Begin PBXSourcesBuildPhase section */
		97C5AA451AB8485000123F90 /* Sources */ = {
			isa = PBXSourcesBuildPhase;
			buildActionMask = 2147483647;
			files = (
				97C5AA551AB8485000123F90 /* ViewController.m in Sources */,
				97C5AA521AB8485000123F90 /* AppDelegate.m in Sources */,
				97C5AA4F1AB8485000123F90 /* main.m in Sources */,
				97A5CB6A1AD40C2A00A02803 /* gameHumanPcController.m in Sources */,
				97B487001ADE8C3A005CE012 /* gameEngine.m in Sources */,
			);
			runOnlyForDeploymentPostprocessing = 0;
		};
		97C5AA5E1AB8485000123F90 /* Sources */ = {
			isa = PBXSourcesBuildPhase;
			buildActionMask = 2147483647;
			files = (
				97C5AA691AB8485000123F90 /* TicTacToeTests.m in Sources */,
			);
			runOnlyForDeploymentPostprocessing = 0;
		};
/* End PBXSourcesBuildPhase section */

/* Begin PBXTargetDependency section */
		97C5AA641AB8485000123F90 /* PBXTargetDependency */ = {
			isa = PBXTargetDependency;
			target = 97C5AA481AB8485000123F90 /* TicTacToe */;
			targetProxy = 97C5AA631AB8485000123F90 /* PBXContainerItemProxy */;
		};
/* End PBXTargetDependency section */

/* Begin PBXVariantGroup section */
		97C5AA561AB8485000123F90 /* Main.storyboard */ = {
			isa = PBXVariantGroup;
			children = (
				97C5AA571AB8485000123F90 /* Base */,
			);
			name = Main.storyboard;
			sourceTree = "<group>";
		};
		97C5AA5B1AB8485000123F90 /* LaunchScreen.xib */ = {
			isa = PBXVariantGroup;
			children = (
				97C5AA5C1AB8485000123F90 /* Base */,
			);
			name = LaunchScreen.xib;
			sourceTree = "<group>";
		};
/* End PBXVariantGroup section */

/* Begin XCBuildConfiguration section */
		97C5AA6A1AB8485000123F90 /* Debug */ = {
			isa = XCBuildConfiguration;
			buildSettings = {
				ALWAYS_SEARCH_USER_PATHS = NO;
				CLANG_CXX_LANGUAGE_STANDARD = "gnu++0x";
				CLANG_CXX_LIBRARY = "libc++";
				CLANG_ENABLE_MODULES = YES;
				CLANG_ENABLE_OBJC_ARC = YES;
				CLANG_WARN_BOOL_CONVERSION = YES;
				CLANG_WARN_CONSTANT_CONVERSION = YES;
				CLANG_WARN_DIRECT_OBJC_ISA_USAGE = YES_ERROR;
				CLANG_WARN_EMPTY_BODY = YES;
				CLANG_WARN_ENUM_CONVERSION = YES;
				CLANG_WARN_INT_CONVERSION = YES;
				CLANG_WARN_OBJC_ROOT_CLASS = YES_ERROR;
				CLANG_WARN_UNREACHABLE_CODE = YES;
				CLANG_WARN__DUPLICATE_METHOD_MATCH = YES;
				"CODE_SIGN_IDENTITY[sdk=iphoneos*]" = "iPhone Developer";
				COPY_PHASE_STRIP = NO;
				ENABLE_STRICT_OBJC_MSGSEND = YES;
				GCC_C_LANGUAGE_STANDARD = gnu99;
				GCC_DYNAMIC_NO_PIC = NO;
				GCC_OPTIMIZATION_LEVEL = 0;
				GCC_PREPROCESSOR_DEFINITIONS = (
					"DEBUG=1",
					"$(inherited)",
				);
				GCC_SYMBOLS_PRIVATE_EXTERN = NO;
				GCC_WARN_64_TO_32_BIT_CONVERSION = YES;
				GCC_WARN_ABOUT_RETURN_TYPE = YES_ERROR;
				GCC_WARN_UNDECLARED_SELECTOR = YES;
				GCC_WARN_UNINITIALIZED_AUTOS = YES_AGGRESSIVE;
				GCC_WARN_UNUSED_FUNCTION = YES;
				GCC_WARN_UNUSED_VARIABLE = YES;
				IPHONEOS_DEPLOYMENT_TARGET = 8.1;
				MTL_ENABLE_DEBUG_INFO = YES;
				ONLY_ACTIVE_ARCH = YES;
				SDKROOT = iphoneos;
			};
			name = Debug;
		};
		97C5AA6B1AB8485000123F90 /* Release */ = {
			isa = XCBuildConfiguration;
			buildSettings = {
				ALWAYS_SEARCH_USER_PATHS = NO;
				CLANG_CXX_LANGUAGE_STANDARD = "gnu++0x";
				CLANG_CXX_LIBRARY = "libc++";
				CLANG_ENABLE_MODULES = YES;
				CLANG_ENABLE_OBJC_ARC = YES;
				CLANG_WARN_BOOL_CONVERSION = YES;
				CLANG_WARN_CONSTANT_CONVERSION = YES;
				CLANG_WARN_DIRECT_OBJC_ISA_USAGE = YES_ERROR;
				CLANG_WARN_EMPTY_BODY = YES;
				CLANG_WARN_ENUM_CONVERSION = YES;
				CLANG_WARN_INT_CONVERSION = YES;
				CLANG_WARN_OBJC_ROOT_CLASS = YES_ERROR;
				CLANG_WARN_UNREACHABLE_CODE = YES;
				CLANG_WARN__DUPLICATE_METHOD_MATCH = YES;
				"CODE_SIGN_IDENTITY[sdk=iphoneos*]" = "iPhone Developer";
				COPY_PHASE_STRIP = YES;
				ENABLE_NS_ASSERTIONS = NO;
				ENABLE_STRICT_OBJC_MSGSEND = YES;
				GCC_C_LANGUAGE_STANDARD = gnu99;
				GCC_WARN_64_TO_32_BIT_CONVERSION = YES;
				GCC_WARN_ABOUT_RETURN_TYPE = YES_ERROR;
				GCC_WARN_UNDECLARED_SELECTOR = YES;
				GCC_WARN_UNINITIALIZED_AUTOS = YES_AGGRESSIVE;
				GCC_WARN_UNUSED_FUNCTION = YES;
				GCC_WARN_UNUSED_VARIABLE = YES;
				IPHONEOS_DEPLOYMENT_TARGET = 8.1;
				MTL_ENABLE_DEBUG_INFO = NO;
				SDKROOT = iphoneos;
				VALIDATE_PRODUCT = YES;
			};
			name = Release;
		};
		97C5AA6D1AB8485000123F90 /* Debug */ = {
			isa = XCBuildConfiguration;
			buildSettings = {
				ASSETCATALOG_COMPILER_APPICON_NAME = AppIcon;
				"CODE_SIGN_IDENTITY[sdk=iphoneos*]" = "";
				INFOPLIST_FILE = TicTacToe/Info.plist;
				IPHONEOS_DEPLOYMENT_TARGET = 7.1;
				LD_RUNPATH_SEARCH_PATHS = "$(inherited) @executable_path/Frameworks";
				PRODUCT_NAME = "$(TARGET_NAME)";
				SDKROOT = iphoneos7.0;
			};
			name = Debug;
		};
		97C5AA6E1AB8485000123F90 /* Release */ = {
			isa = XCBuildConfiguration;
			buildSettings = {
				ASSETCATALOG_COMPILER_APPICON_NAME = AppIcon;
				"CODE_SIGN_IDENTITY[sdk=iphoneos*]" = "";
				INFOPLIST_FILE = TicTacToe/Info.plist;
				IPHONEOS_DEPLOYMENT_TARGET = 7.1;
				LD_RUNPATH_SEARCH_PATHS = "$(inherited) @executable_path/Frameworks";
				PRODUCT_NAME = "$(TARGET_NAME)";
				SDKROOT = iphoneos7.0;
			};
			name = Release;
		};
		97C5AA701AB8485000123F90 /* Debug */ = {
			isa = XCBuildConfiguration;
			buildSettings = {
				BUNDLE_LOADER = "$(TEST_HOST)";
				FRAMEWORK_SEARCH_PATHS = (
					"$(SDKROOT)/Developer/Library/Frameworks",
					"$(inherited)",
				);
				GCC_PREPROCESSOR_DEFINITIONS = (
					"DEBUG=1",
					"$(inherited)",
				);
				INFOPLIST_FILE = TicTacToeTests/Info.plist;
				LD_RUNPATH_SEARCH_PATHS = "$(inherited) @executable_path/Frameworks @loader_path/Frameworks";
				PRODUCT_NAME = "$(TARGET_NAME)";
				TEST_HOST = "$(BUILT_PRODUCTS_DIR)/TicTacToe.app/TicTacToe";
			};
			name = Debug;
		};
		97C5AA711AB8485000123F90 /* Release */ = {
			isa = XCBuildConfiguration;
			buildSettings = {
				BUNDLE_LOADER = "$(TEST_HOST)";
				FRAMEWORK_SEARCH_PATHS = (
					"$(SDKROOT)/Developer/Library/Frameworks",
					"$(inherited)",
				);
				INFOPLIST_FILE = TicTacToeTests/Info.plist;
				LD_RUNPATH_SEARCH_PATHS = "$(inherited) @executable_path/Frameworks @loader_path/Frameworks";
				PRODUCT_NAME = "$(TARGET_NAME)";
				TEST_HOST = "$(BUILT_PRODUCTS_DIR)/TicTacToe.app/TicTacToe";
			};
			name = Release;
		};
/* End XCBuildConfiguration section */

/* Begin XCConfigurationList section */
		97C5AA441AB8485000123F90 /* Build configuration list for PBXProject "TicTacToe" */ = {
			isa = XCConfigurationList;
			buildConfigurations = (
				97C5AA6A1AB8485000123F90 /* Debug */,
				97C5AA6B1AB8485000123F90 /* Release */,
			);
			defaultConfigurationIsVisible = 0;
			defaultConfigurationName = Release;
		};
		97C5AA6C1AB8485000123F90 /* Build configuration list for PBXNativeTarget "TicTacToe" */ = {
			isa = XCConfigurationList;
			buildConfigurations = (
				97C5AA6D1AB8485000123F90 /* Debug */,
				97C5AA6E1AB8485000123F90 /* Release */,
			);
			defaultConfigurationIsVisible = 0;
			defaultConfigurationName = Release;
		};
		97C5AA6F1AB8485000123F90 /* Build configuration list for PBXNativeTarget "TicTacToeTests" */ = {
			isa = XCConfigurationList;
			buildConfigurations = (
				97C5AA701AB8485000123F90 /* Debug */,
				97C5AA711AB8485000123F90 /* Release */,
			);
			defaultConfigurationIsVisible = 0;
			defaultConfigurationName = Release;
		};
/* End XCConfigurationList section */
	};
	rootObject = 97C5AA411AB8485000123F90 /* Project object */;
}
